// !$*UTF8*$!
{
	archiveVersion = 1;
	classes = {
	};
	objectVersion = 46;
	objects = {

/* Begin PBXBuildFile section */
		935A8628BD61FFDBEBB0BE71 /* Pods_Time_Analytics.framework in Frameworks */ = {isa = PBXBuildFile; fileRef = 9F9E6F0E9144766F61922631 /* Pods_Time_Analytics.framework */; };
		A52542AE1ED5F15E008F209C /* TAActivityDetailPlaceTableViewCell.swift in Sources */ = {isa = PBXBuildFile; fileRef = A52542AD1ED5F15E008F209C /* TAActivityDetailPlaceTableViewCell.swift */; };
		A52564A91EC929D900DD843F /* AppDelegate.swift in Sources */ = {isa = PBXBuildFile; fileRef = A52564A81EC929D900DD843F /* AppDelegate.swift */; };
		A52564AB1EC929D900DD843F /* TALoginViewController.swift in Sources */ = {isa = PBXBuildFile; fileRef = A52564AA1EC929D900DD843F /* TALoginViewController.swift */; };
		A52564AE1EC929D900DD843F /* Main.storyboard in Resources */ = {isa = PBXBuildFile; fileRef = A52564AC1EC929D900DD843F /* Main.storyboard */; };
		A52564B01EC929D900DD843F /* Assets.xcassets in Resources */ = {isa = PBXBuildFile; fileRef = A52564AF1EC929D900DD843F /* Assets.xcassets */; };
		A52564B31EC929D900DD843F /* LaunchScreen.storyboard in Resources */ = {isa = PBXBuildFile; fileRef = A52564B11EC929D900DD843F /* LaunchScreen.storyboard */; };
		A52564BC1EC93E4000DD843F /* BorderedButton.swift in Sources */ = {isa = PBXBuildFile; fileRef = A52564BB1EC93E4000DD843F /* BorderedButton.swift */; };
		A54502F61ED3FCC5003523CB /* TAHealthKitAccessController.swift in Sources */ = {isa = PBXBuildFile; fileRef = A54502F51ED3FCC5003523CB /* TAHealthKitAccessController.swift */; };
		A556EB7C1ED3FFAB003F8E2B /* HealthKit.framework in Frameworks */ = {isa = PBXBuildFile; fileRef = A556EB7B1ED3FFAB003F8E2B /* HealthKit.framework */; };
		A556EB7E1ED40B1C003F8E2B /* TAProcessHealthKitDataController.swift in Sources */ = {isa = PBXBuildFile; fileRef = A556EB7D1ED40B1C003F8E2B /* TAProcessHealthKitDataController.swift */; };
		A556EB811ED424C0003F8E2B /* TAActivityTableViewController.swift in Sources */ = {isa = PBXBuildFile; fileRef = A556EB801ED424C0003F8E2B /* TAActivityTableViewController.swift */; };
		A556EB831ED424EC003F8E2B /* TAActivityTableViewCell.swift in Sources */ = {isa = PBXBuildFile; fileRef = A556EB821ED424EC003F8E2B /* TAActivityTableViewCell.swift */; };
		A556EB861ED425DA003F8E2B /* TAActivitySegment+CoreDataClass.swift in Sources */ = {isa = PBXBuildFile; fileRef = A556EB841ED425DA003F8E2B /* TAActivitySegment+CoreDataClass.swift */; };
		A556EB871ED425DA003F8E2B /* TAActivitySegment+CoreDataProperties.swift in Sources */ = {isa = PBXBuildFile; fileRef = A556EB851ED425DA003F8E2B /* TAActivitySegment+CoreDataProperties.swift */; };
		A55715081ED5587900D2C520 /* TAActivityDetailViewController.swift in Sources */ = {isa = PBXBuildFile; fileRef = A55715071ED5587900D2C520 /* TAActivityDetailViewController.swift */; };
		A557150A1ED55B3E00D2C520 /* TAActivityDetailActivityTableViewCell.swift in Sources */ = {isa = PBXBuildFile; fileRef = A55715091ED55B3E00D2C520 /* TAActivityDetailActivityTableViewCell.swift */; };
		A55B137D1ECC04A600FA14FB /* TAPlaceSegment+CoreDataClass.swift in Sources */ = {isa = PBXBuildFile; fileRef = A55B137B1ECC04A600FA14FB /* TAPlaceSegment+CoreDataClass.swift */; };
		A55B137E1ECC04A600FA14FB /* TAPlaceSegment+CoreDataProperties.swift in Sources */ = {isa = PBXBuildFile; fileRef = A55B137C1ECC04A600FA14FB /* TAPlaceSegment+CoreDataProperties.swift */; };
		A55B13801ECC318900FA14FB /* TAPlaceTableViewCell.swift in Sources */ = {isa = PBXBuildFile; fileRef = A55B137F1ECC318900FA14FB /* TAPlaceTableViewCell.swift */; };
		A5668BE91ED2888000CB688D /* TACommuteSegment+CoreDataClass.swift in Sources */ = {isa = PBXBuildFile; fileRef = A5668BE71ED2888000CB688D /* TACommuteSegment+CoreDataClass.swift */; };
		A5668BEA1ED2888000CB688D /* TACommuteSegment+CoreDataProperties.swift in Sources */ = {isa = PBXBuildFile; fileRef = A5668BE81ED2888000CB688D /* TACommuteSegment+CoreDataProperties.swift */; };
		A56811291ED22708002FF4D0 /* TAPlaceDetailTableViewCell.swift in Sources */ = {isa = PBXBuildFile; fileRef = A56811281ED22708002FF4D0 /* TAPlaceDetailTableViewCell.swift */; };
		A568112D1ED27A7B002FF4D0 /* TACommuteTableViewController.swift in Sources */ = {isa = PBXBuildFile; fileRef = A568112C1ED27A7B002FF4D0 /* TACommuteTableViewController.swift */; };
		A57CED131ED5232D008BD6B9 /* TAModelHealthKitExtensions.swift in Sources */ = {isa = PBXBuildFile; fileRef = A57CED121ED5232D008BD6B9 /* TAModelHealthKitExtensions.swift */; };
		A5866A1C1EC964450025D38F /* TANetClient.swift in Sources */ = {isa = PBXBuildFile; fileRef = A5866A1B1EC964440025D38F /* TANetClient.swift */; };
		A5866A1E1EC9649C0025D38F /* TANetConstants.swift in Sources */ = {isa = PBXBuildFile; fileRef = A5866A1D1EC9649C0025D38F /* TANetConstants.swift */; };
		A5866A201EC966870025D38F /* TANetConvenience.swift in Sources */ = {isa = PBXBuildFile; fileRef = A5866A1F1EC966870025D38F /* TANetConvenience.swift */; };
		A58B0B381ED78181008345F3 /* TADataUpdateViewController.swift in Sources */ = {isa = PBXBuildFile; fileRef = A58B0B371ED78181008345F3 /* TADataUpdateViewController.swift */; };
		A599677B1ED3378900B77D2F /* TAControllerExtensions.swift in Sources */ = {isa = PBXBuildFile; fileRef = A599677A1ED3378900B77D2F /* TAControllerExtensions.swift */; };
		A599677D1ED3384B00B77D2F /* TADownloadViewController.swift in Sources */ = {isa = PBXBuildFile; fileRef = A599677C1ED3384B00B77D2F /* TADownloadViewController.swift */; };
		A599677F1ED359DF00B77D2F /* TACommuteTableViewCell.swift in Sources */ = {isa = PBXBuildFile; fileRef = A599677E1ED359DF00B77D2F /* TACommuteTableViewCell.swift */; };
		A59967811ED36D6C00B77D2F /* TAPlaceDetailCommuteTableViewCell.swift in Sources */ = {isa = PBXBuildFile; fileRef = A59967801ED36D6C00B77D2F /* TAPlaceDetailCommuteTableViewCell.swift */; };
		A59D8FBF1ED3903500E119F2 /* TACommuteDetailViewController.swift in Sources */ = {isa = PBXBuildFile; fileRef = A59D8FBE1ED3903500E119F2 /* TACommuteDetailViewController.swift */; };
		A59D8FC11ED3911D00E119F2 /* TADetailViewController.swift in Sources */ = {isa = PBXBuildFile; fileRef = A59D8FC01ED3911D00E119F2 /* TADetailViewController.swift */; };
		A5A25B961ED3D36C00CC65B9 /* TACommuteDetailCommuteTableViewCell.swift in Sources */ = {isa = PBXBuildFile; fileRef = A5A25B951ED3D36C00CC65B9 /* TACommuteDetailCommuteTableViewCell.swift */; };
		A5A25B981ED3D38000CC65B9 /* TACommuteDetailDepartureTableViewCell.swift in Sources */ = {isa = PBXBuildFile; fileRef = A5A25B971ED3D38000CC65B9 /* TACommuteDetailDepartureTableViewCell.swift */; };
		A5A25B9A1ED3D39100CC65B9 /* TACommuteDetailDestinationTableViewCell.swift in Sources */ = {isa = PBXBuildFile; fileRef = A5A25B991ED3D39100CC65B9 /* TACommuteDetailDestinationTableViewCell.swift */; };
		A5AA02ED1ED11A6C0046CCB4 /* TAProgressView.xib in Resources */ = {isa = PBXBuildFile; fileRef = A5AA02EC1ED11A6C0046CCB4 /* TAProgressView.xib */; };
		A5AA02EF1ED11ACC0046CCB4 /* TAProgressView.swift in Sources */ = {isa = PBXBuildFile; fileRef = A5AA02EE1ED11ACC0046CCB4 /* TAProgressView.swift */; };
		A5AB93FB1ECA65B10055301C /* Managed Objects.xcdatamodeld in Sources */ = {isa = PBXBuildFile; fileRef = A5AB93F91ECA65B10055301C /* Managed Objects.xcdatamodeld */; };
		A5AB93FD1ECA68A40055301C /* TAModel.swift in Sources */ = {isa = PBXBuildFile; fileRef = A5AB93FC1ECA68A40055301C /* TAModel.swift */; };
		A5B09F5F1ECD47230019CA4A /* TAPlaceDetailViewController.swift in Sources */ = {isa = PBXBuildFile; fileRef = A5B09F5E1ECD47230019CA4A /* TAPlaceDetailViewController.swift */; };
		A5B319161ED64CF900401BF8 /* TAPlaceDetailActivityTableViewCell.swift in Sources */ = {isa = PBXBuildFile; fileRef = A5B319151ED64CF900401BF8 /* TAPlaceDetailActivityTableViewCell.swift */; };
		A5B319181ED6570600401BF8 /* TADetailMapViewController.swift in Sources */ = {isa = PBXBuildFile; fileRef = A5B319171ED6570600401BF8 /* TADetailMapViewController.swift */; };
		A5B3191A1ED6571700401BF8 /* TADetailLineChartViewController.swift in Sources */ = {isa = PBXBuildFile; fileRef = A5B319191ED6571700401BF8 /* TADetailLineChartViewController.swift */; };
		A5B6D1AA1ED16ECE00890BC4 /* TAViewExtensions.swift in Sources */ = {isa = PBXBuildFile; fileRef = A5B6D1A91ED16ECE00890BC4 /* TAViewExtensions.swift */; };
		A5CE10231ED210B600AE5BDB /* CoreDataStack.swift in Sources */ = {isa = PBXBuildFile; fileRef = A5CE10221ED210B600AE5BDB /* CoreDataStack.swift */; };
		A5FFFD8D1ECAB38C00B55020 /* TATableViewController.swift in Sources */ = {isa = PBXBuildFile; fileRef = A5FFFD8C1ECAB38C00B55020 /* TATableViewController.swift */; };
		A5FFFD8F1ECAB4A700B55020 /* TAPlaceTableViewController.swift in Sources */ = {isa = PBXBuildFile; fileRef = A5FFFD8E1ECAB4A700B55020 /* TAPlaceTableViewController.swift */; };
		A5FFFD931ECAC6F200B55020 /* TASettingsViewController.swift in Sources */ = {isa = PBXBuildFile; fileRef = A5FFFD921ECAC6F200B55020 /* TASettingsViewController.swift */; };
/* End PBXBuildFile section */

/* Begin PBXFileReference section */
		9F9E6F0E9144766F61922631 /* Pods_Time_Analytics.framework */ = {isa = PBXFileReference; explicitFileType = wrapper.framework; includeInIndex = 0; path = Pods_Time_Analytics.framework; sourceTree = BUILT_PRODUCTS_DIR; };
		A52542AD1ED5F15E008F209C /* TAActivityDetailPlaceTableViewCell.swift */ = {isa = PBXFileReference; fileEncoding = 4; lastKnownFileType = sourcecode.swift; path = TAActivityDetailPlaceTableViewCell.swift; sourceTree = "<group>"; };
		A52564A51EC929D900DD843F /* Time Analytics.app */ = {isa = PBXFileReference; explicitFileType = wrapper.application; includeInIndex = 0; path = "Time Analytics.app"; sourceTree = BUILT_PRODUCTS_DIR; };
		A52564A81EC929D900DD843F /* AppDelegate.swift */ = {isa = PBXFileReference; lastKnownFileType = sourcecode.swift; path = AppDelegate.swift; sourceTree = "<group>"; };
		A52564AA1EC929D900DD843F /* TALoginViewController.swift */ = {isa = PBXFileReference; lastKnownFileType = sourcecode.swift; path = TALoginViewController.swift; sourceTree = "<group>"; };
		A52564AD1EC929D900DD843F /* Base */ = {isa = PBXFileReference; lastKnownFileType = file.storyboard; name = Base; path = Base.lproj/Main.storyboard; sourceTree = "<group>"; };
		A52564AF1EC929D900DD843F /* Assets.xcassets */ = {isa = PBXFileReference; lastKnownFileType = folder.assetcatalog; path = Assets.xcassets; sourceTree = "<group>"; };
		A52564B21EC929D900DD843F /* Base */ = {isa = PBXFileReference; lastKnownFileType = file.storyboard; name = Base; path = Base.lproj/LaunchScreen.storyboard; sourceTree = "<group>"; };
		A52564B41EC929D900DD843F /* Info.plist */ = {isa = PBXFileReference; lastKnownFileType = text.plist.xml; path = Info.plist; sourceTree = "<group>"; };
		A52564BB1EC93E4000DD843F /* BorderedButton.swift */ = {isa = PBXFileReference; fileEncoding = 4; lastKnownFileType = sourcecode.swift; path = BorderedButton.swift; sourceTree = "<group>"; };
		A54502F51ED3FCC5003523CB /* TAHealthKitAccessController.swift */ = {isa = PBXFileReference; fileEncoding = 4; lastKnownFileType = sourcecode.swift; path = TAHealthKitAccessController.swift; sourceTree = "<group>"; };
		A556EB7A1ED3FFAB003F8E2B /* Time Analytics.entitlements */ = {isa = PBXFileReference; lastKnownFileType = text.plist.entitlements; path = "Time Analytics.entitlements"; sourceTree = "<group>"; };
		A556EB7B1ED3FFAB003F8E2B /* HealthKit.framework */ = {isa = PBXFileReference; lastKnownFileType = wrapper.framework; name = HealthKit.framework; path = System/Library/Frameworks/HealthKit.framework; sourceTree = SDKROOT; };
		A556EB7D1ED40B1C003F8E2B /* TAProcessHealthKitDataController.swift */ = {isa = PBXFileReference; fileEncoding = 4; lastKnownFileType = sourcecode.swift; path = TAProcessHealthKitDataController.swift; sourceTree = "<group>"; };
		A556EB801ED424C0003F8E2B /* TAActivityTableViewController.swift */ = {isa = PBXFileReference; fileEncoding = 4; lastKnownFileType = sourcecode.swift; path = TAActivityTableViewController.swift; sourceTree = "<group>"; };
		A556EB821ED424EC003F8E2B /* TAActivityTableViewCell.swift */ = {isa = PBXFileReference; fileEncoding = 4; lastKnownFileType = sourcecode.swift; path = TAActivityTableViewCell.swift; sourceTree = "<group>"; };
		A556EB841ED425DA003F8E2B /* TAActivitySegment+CoreDataClass.swift */ = {isa = PBXFileReference; fileEncoding = 4; lastKnownFileType = sourcecode.swift; path = "TAActivitySegment+CoreDataClass.swift"; sourceTree = "<group>"; };
		A556EB851ED425DA003F8E2B /* TAActivitySegment+CoreDataProperties.swift */ = {isa = PBXFileReference; fileEncoding = 4; lastKnownFileType = sourcecode.swift; path = "TAActivitySegment+CoreDataProperties.swift"; sourceTree = "<group>"; };
		A55715071ED5587900D2C520 /* TAActivityDetailViewController.swift */ = {isa = PBXFileReference; fileEncoding = 4; lastKnownFileType = sourcecode.swift; path = TAActivityDetailViewController.swift; sourceTree = "<group>"; };
		A55715091ED55B3E00D2C520 /* TAActivityDetailActivityTableViewCell.swift */ = {isa = PBXFileReference; fileEncoding = 4; lastKnownFileType = sourcecode.swift; path = TAActivityDetailActivityTableViewCell.swift; sourceTree = "<group>"; };
		A55B137B1ECC04A600FA14FB /* TAPlaceSegment+CoreDataClass.swift */ = {isa = PBXFileReference; fileEncoding = 4; lastKnownFileType = sourcecode.swift; path = "TAPlaceSegment+CoreDataClass.swift"; sourceTree = "<group>"; };
		A55B137C1ECC04A600FA14FB /* TAPlaceSegment+CoreDataProperties.swift */ = {isa = PBXFileReference; fileEncoding = 4; lastKnownFileType = sourcecode.swift; path = "TAPlaceSegment+CoreDataProperties.swift"; sourceTree = "<group>"; };
		A55B137F1ECC318900FA14FB /* TAPlaceTableViewCell.swift */ = {isa = PBXFileReference; fileEncoding = 4; lastKnownFileType = sourcecode.swift; path = TAPlaceTableViewCell.swift; sourceTree = "<group>"; };
		A5668BE71ED2888000CB688D /* TACommuteSegment+CoreDataClass.swift */ = {isa = PBXFileReference; fileEncoding = 4; lastKnownFileType = sourcecode.swift; path = "TACommuteSegment+CoreDataClass.swift"; sourceTree = "<group>"; };
		A5668BE81ED2888000CB688D /* TACommuteSegment+CoreDataProperties.swift */ = {isa = PBXFileReference; fileEncoding = 4; lastKnownFileType = sourcecode.swift; path = "TACommuteSegment+CoreDataProperties.swift"; sourceTree = "<group>"; };
		A56811281ED22708002FF4D0 /* TAPlaceDetailTableViewCell.swift */ = {isa = PBXFileReference; fileEncoding = 4; lastKnownFileType = sourcecode.swift; path = TAPlaceDetailTableViewCell.swift; sourceTree = "<group>"; };
		A568112C1ED27A7B002FF4D0 /* TACommuteTableViewController.swift */ = {isa = PBXFileReference; fileEncoding = 4; lastKnownFileType = sourcecode.swift; path = TACommuteTableViewController.swift; sourceTree = "<group>"; };
		A57CED121ED5232D008BD6B9 /* TAModelHealthKitExtensions.swift */ = {isa = PBXFileReference; fileEncoding = 4; lastKnownFileType = sourcecode.swift; path = TAModelHealthKitExtensions.swift; sourceTree = "<group>"; };
		A5866A1B1EC964440025D38F /* TANetClient.swift */ = {isa = PBXFileReference; fileEncoding = 4; lastKnownFileType = sourcecode.swift; path = TANetClient.swift; sourceTree = "<group>"; };
		A5866A1D1EC9649C0025D38F /* TANetConstants.swift */ = {isa = PBXFileReference; fileEncoding = 4; lastKnownFileType = sourcecode.swift; path = TANetConstants.swift; sourceTree = "<group>"; };
		A5866A1F1EC966870025D38F /* TANetConvenience.swift */ = {isa = PBXFileReference; fileEncoding = 4; lastKnownFileType = sourcecode.swift; path = TANetConvenience.swift; sourceTree = "<group>"; };
		A58B0B371ED78181008345F3 /* TADataUpdateViewController.swift */ = {isa = PBXFileReference; fileEncoding = 4; lastKnownFileType = sourcecode.swift; path = TADataUpdateViewController.swift; sourceTree = "<group>"; };
		A599677A1ED3378900B77D2F /* TAControllerExtensions.swift */ = {isa = PBXFileReference; fileEncoding = 4; lastKnownFileType = sourcecode.swift; path = TAControllerExtensions.swift; sourceTree = "<group>"; };
		A599677C1ED3384B00B77D2F /* TADownloadViewController.swift */ = {isa = PBXFileReference; fileEncoding = 4; lastKnownFileType = sourcecode.swift; path = TADownloadViewController.swift; sourceTree = "<group>"; };
		A599677E1ED359DF00B77D2F /* TACommuteTableViewCell.swift */ = {isa = PBXFileReference; fileEncoding = 4; lastKnownFileType = sourcecode.swift; path = TACommuteTableViewCell.swift; sourceTree = "<group>"; };
		A59967801ED36D6C00B77D2F /* TAPlaceDetailCommuteTableViewCell.swift */ = {isa = PBXFileReference; fileEncoding = 4; lastKnownFileType = sourcecode.swift; path = TAPlaceDetailCommuteTableViewCell.swift; sourceTree = "<group>"; };
		A59D8FBE1ED3903500E119F2 /* TACommuteDetailViewController.swift */ = {isa = PBXFileReference; fileEncoding = 4; lastKnownFileType = sourcecode.swift; path = TACommuteDetailViewController.swift; sourceTree = "<group>"; };
		A59D8FC01ED3911D00E119F2 /* TADetailViewController.swift */ = {isa = PBXFileReference; fileEncoding = 4; lastKnownFileType = sourcecode.swift; path = TADetailViewController.swift; sourceTree = "<group>"; };
		A5A25B951ED3D36C00CC65B9 /* TACommuteDetailCommuteTableViewCell.swift */ = {isa = PBXFileReference; fileEncoding = 4; lastKnownFileType = sourcecode.swift; path = TACommuteDetailCommuteTableViewCell.swift; sourceTree = "<group>"; };
		A5A25B971ED3D38000CC65B9 /* TACommuteDetailDepartureTableViewCell.swift */ = {isa = PBXFileReference; fileEncoding = 4; lastKnownFileType = sourcecode.swift; path = TACommuteDetailDepartureTableViewCell.swift; sourceTree = "<group>"; };
		A5A25B991ED3D39100CC65B9 /* TACommuteDetailDestinationTableViewCell.swift */ = {isa = PBXFileReference; fileEncoding = 4; lastKnownFileType = sourcecode.swift; path = TACommuteDetailDestinationTableViewCell.swift; sourceTree = "<group>"; };
		A5AA02EC1ED11A6C0046CCB4 /* TAProgressView.xib */ = {isa = PBXFileReference; fileEncoding = 4; lastKnownFileType = file.xib; path = TAProgressView.xib; sourceTree = "<group>"; };
		A5AA02EE1ED11ACC0046CCB4 /* TAProgressView.swift */ = {isa = PBXFileReference; fileEncoding = 4; lastKnownFileType = sourcecode.swift; path = TAProgressView.swift; sourceTree = "<group>"; };
		A5AB93FA1ECA65B10055301C /* Managed Objects.xcdatamodel */ = {isa = PBXFileReference; lastKnownFileType = wrapper.xcdatamodel; path = "Managed Objects.xcdatamodel"; sourceTree = "<group>"; };
		A5AB93FC1ECA68A40055301C /* TAModel.swift */ = {isa = PBXFileReference; fileEncoding = 4; lastKnownFileType = sourcecode.swift; path = TAModel.swift; sourceTree = "<group>"; };
		A5B09F5E1ECD47230019CA4A /* TAPlaceDetailViewController.swift */ = {isa = PBXFileReference; fileEncoding = 4; lastKnownFileType = sourcecode.swift; path = TAPlaceDetailViewController.swift; sourceTree = "<group>"; };
		A5B319151ED64CF900401BF8 /* TAPlaceDetailActivityTableViewCell.swift */ = {isa = PBXFileReference; fileEncoding = 4; lastKnownFileType = sourcecode.swift; path = TAPlaceDetailActivityTableViewCell.swift; sourceTree = "<group>"; };
		A5B319171ED6570600401BF8 /* TADetailMapViewController.swift */ = {isa = PBXFileReference; fileEncoding = 4; lastKnownFileType = sourcecode.swift; path = TADetailMapViewController.swift; sourceTree = "<group>"; };
		A5B319191ED6571700401BF8 /* TADetailLineChartViewController.swift */ = {isa = PBXFileReference; fileEncoding = 4; lastKnownFileType = sourcecode.swift; path = TADetailLineChartViewController.swift; sourceTree = "<group>"; };
		A5B6D1A91ED16ECE00890BC4 /* TAViewExtensions.swift */ = {isa = PBXFileReference; fileEncoding = 4; lastKnownFileType = sourcecode.swift; path = TAViewExtensions.swift; sourceTree = "<group>"; };
		A5CE10221ED210B600AE5BDB /* CoreDataStack.swift */ = {isa = PBXFileReference; fileEncoding = 4; lastKnownFileType = sourcecode.swift; path = CoreDataStack.swift; sourceTree = "<group>"; };
		A5FFFD8C1ECAB38C00B55020 /* TATableViewController.swift */ = {isa = PBXFileReference; fileEncoding = 4; lastKnownFileType = sourcecode.swift; path = TATableViewController.swift; sourceTree = "<group>"; };
		A5FFFD8E1ECAB4A700B55020 /* TAPlaceTableViewController.swift */ = {isa = PBXFileReference; fileEncoding = 4; lastKnownFileType = sourcecode.swift; path = TAPlaceTableViewController.swift; sourceTree = "<group>"; };
		A5FFFD921ECAC6F200B55020 /* TASettingsViewController.swift */ = {isa = PBXFileReference; fileEncoding = 4; lastKnownFileType = sourcecode.swift; path = TASettingsViewController.swift; sourceTree = "<group>"; };
		AE39A77DBBD222026EEA5263 /* Pods-Time Analytics.debug.xcconfig */ = {isa = PBXFileReference; includeInIndex = 1; lastKnownFileType = text.xcconfig; name = "Pods-Time Analytics.debug.xcconfig"; path = "Pods/Target Support Files/Pods-Time Analytics/Pods-Time Analytics.debug.xcconfig"; sourceTree = "<group>"; };
		FB0D48EE7D9020167F52D138 /* Pods-Time Analytics.release.xcconfig */ = {isa = PBXFileReference; includeInIndex = 1; lastKnownFileType = text.xcconfig; name = "Pods-Time Analytics.release.xcconfig"; path = "Pods/Target Support Files/Pods-Time Analytics/Pods-Time Analytics.release.xcconfig"; sourceTree = "<group>"; };
/* End PBXFileReference section */

/* Begin PBXFrameworksBuildPhase section */
		A52564A21EC929D900DD843F /* Frameworks */ = {
			isa = PBXFrameworksBuildPhase;
			buildActionMask = 2147483647;
			files = (
				935A8628BD61FFDBEBB0BE71 /* Pods_Time_Analytics.framework in Frameworks */,
				A556EB7C1ED3FFAB003F8E2B /* HealthKit.framework in Frameworks */,
			);
			runOnlyForDeploymentPostprocessing = 0;
		};
/* End PBXFrameworksBuildPhase section */

/* Begin PBXGroup section */
		7ABAC58481E808E4AD4E4FE5 /* Pods */ = {
			isa = PBXGroup;
			children = (
				AE39A77DBBD222026EEA5263 /* Pods-Time Analytics.debug.xcconfig */,
				FB0D48EE7D9020167F52D138 /* Pods-Time Analytics.release.xcconfig */,
			);
			name = Pods;
			sourceTree = "<group>";
		};
		A3B176A32F7136CF019AF2BA /* Frameworks */ = {
			isa = PBXGroup;
			children = (
				A556EB7B1ED3FFAB003F8E2B /* HealthKit.framework */,
				9F9E6F0E9144766F61922631 /* Pods_Time_Analytics.framework */,
			);
			name = Frameworks;
			sourceTree = "<group>";
		};
		A525649C1EC929D900DD843F = {
			isa = PBXGroup;
			children = (
				A52564A71EC929D900DD843F /* Time Analytics */,
				A52564A61EC929D900DD843F /* Products */,
				7ABAC58481E808E4AD4E4FE5 /* Pods */,
				A3B176A32F7136CF019AF2BA /* Frameworks */,
			);
			sourceTree = "<group>";
		};
		A52564A61EC929D900DD843F /* Products */ = {
			isa = PBXGroup;
			children = (
				A52564A51EC929D900DD843F /* Time Analytics.app */,
			);
			name = Products;
			sourceTree = "<group>";
		};
		A52564A71EC929D900DD843F /* Time Analytics */ = {
			isa = PBXGroup;
			children = (
				A556EB7A1ED3FFAB003F8E2B /* Time Analytics.entitlements */,
				A5866A1A1EC9641A0025D38F /* Model */,
				A52564BA1EC93DC200DD843F /* View */,
				A5FFFD8B1ECAB26800B55020 /* Controller */,
				A52564AC1EC929D900DD843F /* Main.storyboard */,
				A52564AF1EC929D900DD843F /* Assets.xcassets */,
				A52564B11EC929D900DD843F /* LaunchScreen.storyboard */,
				A52564B41EC929D900DD843F /* Info.plist */,
			);
			path = "Time Analytics";
			sourceTree = "<group>";
		};
		A52564BA1EC93DC200DD843F /* View */ = {
			isa = PBXGroup;
			children = (
				A52564BB1EC93E4000DD843F /* BorderedButton.swift */,
				A5AA02EC1ED11A6C0046CCB4 /* TAProgressView.xib */,
				A5AA02EE1ED11ACC0046CCB4 /* TAProgressView.swift */,
				A5B6D1A91ED16ECE00890BC4 /* TAViewExtensions.swift */,
			);
			name = View;
			sourceTree = "<group>";
		};
		A556EB7F1ED42497003F8E2B /* Activity */ = {
			isa = PBXGroup;
			children = (
				A556EB801ED424C0003F8E2B /* TAActivityTableViewController.swift */,
				A556EB821ED424EC003F8E2B /* TAActivityTableViewCell.swift */,
				A55715071ED5587900D2C520 /* TAActivityDetailViewController.swift */,
				A55715091ED55B3E00D2C520 /* TAActivityDetailActivityTableViewCell.swift */,
				A52542AD1ED5F15E008F209C /* TAActivityDetailPlaceTableViewCell.swift */,
			);
			name = Activity;
			sourceTree = "<group>";
		};
		A5866A1A1EC9641A0025D38F /* Model */ = {
			isa = PBXGroup;
			children = (
				A5CE10221ED210B600AE5BDB /* CoreDataStack.swift */,
				A5AB93FC1ECA68A40055301C /* TAModel.swift */,
				A57CED121ED5232D008BD6B9 /* TAModelHealthKitExtensions.swift */,
				A5866A1B1EC964440025D38F /* TANetClient.swift */,
				A5866A1D1EC9649C0025D38F /* TANetConstants.swift */,
				A5866A1F1EC966870025D38F /* TANetConvenience.swift */,
				A55B137B1ECC04A600FA14FB /* TAPlaceSegment+CoreDataClass.swift */,
				A55B137C1ECC04A600FA14FB /* TAPlaceSegment+CoreDataProperties.swift */,
				A5668BE71ED2888000CB688D /* TACommuteSegment+CoreDataClass.swift */,
				A5668BE81ED2888000CB688D /* TACommuteSegment+CoreDataProperties.swift */,
				A556EB841ED425DA003F8E2B /* TAActivitySegment+CoreDataClass.swift */,
				A556EB851ED425DA003F8E2B /* TAActivitySegment+CoreDataProperties.swift */,
				A5AB93F91ECA65B10055301C /* Managed Objects.xcdatamodeld */,
			);
			name = Model;
			sourceTree = "<group>";
		};
		A58B0B391ED7B464008345F3 /* Map and LineChart Views */ = {
			isa = PBXGroup;
			children = (
				A5B319171ED6570600401BF8 /* TADetailMapViewController.swift */,
				A5B319191ED6571700401BF8 /* TADetailLineChartViewController.swift */,
			);
			name = "Map and LineChart Views";
			sourceTree = "<group>";
		};
		A59D8FC21ED3913200E119F2 /* Place */ = {
			isa = PBXGroup;
			children = (
				A5FFFD8E1ECAB4A700B55020 /* TAPlaceTableViewController.swift */,
				A55B137F1ECC318900FA14FB /* TAPlaceTableViewCell.swift */,
				A5B09F5E1ECD47230019CA4A /* TAPlaceDetailViewController.swift */,
				A56811281ED22708002FF4D0 /* TAPlaceDetailTableViewCell.swift */,
				A59967801ED36D6C00B77D2F /* TAPlaceDetailCommuteTableViewCell.swift */,
				A5B319151ED64CF900401BF8 /* TAPlaceDetailActivityTableViewCell.swift */,
			);
			name = Place;
			sourceTree = "<group>";
		};
		A59D8FC31ED3913D00E119F2 /* Commute */ = {
			isa = PBXGroup;
			children = (
				A568112C1ED27A7B002FF4D0 /* TACommuteTableViewController.swift */,
				A599677E1ED359DF00B77D2F /* TACommuteTableViewCell.swift */,
				A59D8FBE1ED3903500E119F2 /* TACommuteDetailViewController.swift */,
				A5A25B951ED3D36C00CC65B9 /* TACommuteDetailCommuteTableViewCell.swift */,
				A5A25B971ED3D38000CC65B9 /* TACommuteDetailDepartureTableViewCell.swift */,
				A5A25B991ED3D39100CC65B9 /* TACommuteDetailDestinationTableViewCell.swift */,
			);
			name = Commute;
			sourceTree = "<group>";
		};
		A59D8FC41ED3916300E119F2 /* Superclasses and Extensions */ = {
			isa = PBXGroup;
			children = (
				A58B0B371ED78181008345F3 /* TADataUpdateViewController.swift */,
				A5FFFD8C1ECAB38C00B55020 /* TATableViewController.swift */,
				A59D8FC01ED3911D00E119F2 /* TADetailViewController.swift */,
				A599677A1ED3378900B77D2F /* TAControllerExtensions.swift */,
			);
			name = "Superclasses and Extensions";
			sourceTree = "<group>";
		};
		A59D8FC51ED3918400E119F2 /* Login/Settings */ = {
			isa = PBXGroup;
			children = (
				A52564AA1EC929D900DD843F /* TALoginViewController.swift */,
				A599677C1ED3384B00B77D2F /* TADownloadViewController.swift */,
				A54502F51ED3FCC5003523CB /* TAHealthKitAccessController.swift */,
				A556EB7D1ED40B1C003F8E2B /* TAProcessHealthKitDataController.swift */,
				A5FFFD921ECAC6F200B55020 /* TASettingsViewController.swift */,
			);
			name = Login/Settings;
			sourceTree = "<group>";
		};
		A5FFFD8B1ECAB26800B55020 /* Controller */ = {
			isa = PBXGroup;
			children = (
				A52564A81EC929D900DD843F /* AppDelegate.swift */,
				A59D8FC41ED3916300E119F2 /* Superclasses and Extensions */,
				A59D8FC51ED3918400E119F2 /* Login/Settings */,
				A59D8FC21ED3913200E119F2 /* Place */,
				A59D8FC31ED3913D00E119F2 /* Commute */,
				A556EB7F1ED42497003F8E2B /* Activity */,
				A58B0B391ED7B464008345F3 /* Map and LineChart Views */,
			);
			name = Controller;
			sourceTree = "<group>";
		};
/* End PBXGroup section */

/* Begin PBXNativeTarget section */
		A52564A41EC929D900DD843F /* Time Analytics */ = {
			isa = PBXNativeTarget;
			buildConfigurationList = A52564B71EC929D900DD843F /* Build configuration list for PBXNativeTarget "Time Analytics" */;
			buildPhases = (
				68A9DBC18DF87C6AA0A414CD /* [CP] Check Pods Manifest.lock */,
				A52564A11EC929D900DD843F /* Sources */,
				A52564A21EC929D900DD843F /* Frameworks */,
				A52564A31EC929D900DD843F /* Resources */,
				B5CACD8222D511C6D6364809 /* [CP] Embed Pods Frameworks */,
				9CE443CFA8D609F3FDA576F5 /* [CP] Copy Pods Resources */,
			);
			buildRules = (
			);
			dependencies = (
			);
			name = "Time Analytics";
			productName = "Time Analytics";
			productReference = A52564A51EC929D900DD843F /* Time Analytics.app */;
			productType = "com.apple.product-type.application";
		};
/* End PBXNativeTarget section */

/* Begin PBXProject section */
		A525649D1EC929D900DD843F /* Project object */ = {
			isa = PBXProject;
			attributes = {
				LastSwiftUpdateCheck = 0830;
				LastUpgradeCheck = 0830;
				ORGANIZATIONNAME = "Chris Leung";
				TargetAttributes = {
					A52564A41EC929D900DD843F = {
						CreatedOnToolsVersion = 8.3.2;
						DevelopmentTeam = XKM44UF8A2;
						ProvisioningStyle = Automatic;
						SystemCapabilities = {
							com.apple.HealthKit = {
								enabled = 1;
							};
						};
					};
				};
			};
			buildConfigurationList = A52564A01EC929D900DD843F /* Build configuration list for PBXProject "Time Analytics" */;
			compatibilityVersion = "Xcode 3.2";
			developmentRegion = English;
			hasScannedForEncodings = 0;
			knownRegions = (
				en,
				Base,
			);
			mainGroup = A525649C1EC929D900DD843F;
			productRefGroup = A52564A61EC929D900DD843F /* Products */;
			projectDirPath = "";
			projectRoot = "";
			targets = (
				A52564A41EC929D900DD843F /* Time Analytics */,
			);
		};
/* End PBXProject section */

/* Begin PBXResourcesBuildPhase section */
		A52564A31EC929D900DD843F /* Resources */ = {
			isa = PBXResourcesBuildPhase;
			buildActionMask = 2147483647;
			files = (
				A5AA02ED1ED11A6C0046CCB4 /* TAProgressView.xib in Resources */,
				A52564B31EC929D900DD843F /* LaunchScreen.storyboard in Resources */,
				A52564B01EC929D900DD843F /* Assets.xcassets in Resources */,
				A52564AE1EC929D900DD843F /* Main.storyboard in Resources */,
			);
			runOnlyForDeploymentPostprocessing = 0;
		};
/* End PBXResourcesBuildPhase section */

/* Begin PBXShellScriptBuildPhase section */
		68A9DBC18DF87C6AA0A414CD /* [CP] Check Pods Manifest.lock */ = {
			isa = PBXShellScriptBuildPhase;
			buildActionMask = 2147483647;
			files = (
			);
			inputPaths = (
			);
			name = "[CP] Check Pods Manifest.lock";
			outputPaths = (
			);
			runOnlyForDeploymentPostprocessing = 0;
			shellPath = /bin/sh;
			shellScript = "diff \"${PODS_PODFILE_DIR_PATH}/Podfile.lock\" \"${PODS_ROOT}/Manifest.lock\" > /dev/null\nif [ $? != 0 ] ; then\n    # print error to STDERR\n    echo \"error: The sandbox is not in sync with the Podfile.lock. Run 'pod install' or update your CocoaPods installation.\" >&2\n    exit 1\nfi\n";
			showEnvVarsInLog = 0;
		};
		9CE443CFA8D609F3FDA576F5 /* [CP] Copy Pods Resources */ = {
			isa = PBXShellScriptBuildPhase;
			buildActionMask = 2147483647;
			files = (
			);
			inputPaths = (
			);
			name = "[CP] Copy Pods Resources";
			outputPaths = (
			);
			runOnlyForDeploymentPostprocessing = 0;
			shellPath = /bin/sh;
			shellScript = "\"${SRCROOT}/Pods/Target Support Files/Pods-Time Analytics/Pods-Time Analytics-resources.sh\"\n";
			showEnvVarsInLog = 0;
		};
		B5CACD8222D511C6D6364809 /* [CP] Embed Pods Frameworks */ = {
			isa = PBXShellScriptBuildPhase;
			buildActionMask = 2147483647;
			files = (
			);
			inputPaths = (
			);
			name = "[CP] Embed Pods Frameworks";
			outputPaths = (
			);
			runOnlyForDeploymentPostprocessing = 0;
			shellPath = /bin/sh;
			shellScript = "\"${SRCROOT}/Pods/Target Support Files/Pods-Time Analytics/Pods-Time Analytics-frameworks.sh\"\n";
			showEnvVarsInLog = 0;
		};
/* End PBXShellScriptBuildPhase section */

/* Begin PBXSourcesBuildPhase section */
		A52564A11EC929D900DD843F /* Sources */ = {
			isa = PBXSourcesBuildPhase;
			buildActionMask = 2147483647;
			files = (
				A599677B1ED3378900B77D2F /* TAControllerExtensions.swift in Sources */,
				A568112D1ED27A7B002FF4D0 /* TACommuteTableViewController.swift in Sources */,
				A5866A1C1EC964450025D38F /* TANetClient.swift in Sources */,
				A5B09F5F1ECD47230019CA4A /* TAPlaceDetailViewController.swift in Sources */,
				A5866A201EC966870025D38F /* TANetConvenience.swift in Sources */,
				A5B319181ED6570600401BF8 /* TADetailMapViewController.swift in Sources */,
				A59D8FC11ED3911D00E119F2 /* TADetailViewController.swift in Sources */,
				A5CE10231ED210B600AE5BDB /* CoreDataStack.swift in Sources */,
				A55B13801ECC318900FA14FB /* TAPlaceTableViewCell.swift in Sources */,
				A5B319161ED64CF900401BF8 /* TAPlaceDetailActivityTableViewCell.swift in Sources */,
				A599677F1ED359DF00B77D2F /* TACommuteTableViewCell.swift in Sources */,
				A55B137D1ECC04A600FA14FB /* TAPlaceSegment+CoreDataClass.swift in Sources */,
				A5B6D1AA1ED16ECE00890BC4 /* TAViewExtensions.swift in Sources */,
				A5FFFD931ECAC6F200B55020 /* TASettingsViewController.swift in Sources */,
				A5A25B981ED3D38000CC65B9 /* TACommuteDetailDepartureTableViewCell.swift in Sources */,
				A55715081ED5587900D2C520 /* TAActivityDetailViewController.swift in Sources */,
				A5AA02EF1ED11ACC0046CCB4 /* TAProgressView.swift in Sources */,
				A5A25B9A1ED3D39100CC65B9 /* TACommuteDetailDestinationTableViewCell.swift in Sources */,
				A5FFFD8D1ECAB38C00B55020 /* TATableViewController.swift in Sources */,
				A5A25B961ED3D36C00CC65B9 /* TACommuteDetailCommuteTableViewCell.swift in Sources */,
				A55B137E1ECC04A600FA14FB /* TAPlaceSegment+CoreDataProperties.swift in Sources */,
				A59D8FBF1ED3903500E119F2 /* TACommuteDetailViewController.swift in Sources */,
				A599677D1ED3384B00B77D2F /* TADownloadViewController.swift in Sources */,
				A5668BE91ED2888000CB688D /* TACommuteSegment+CoreDataClass.swift in Sources */,
				A59967811ED36D6C00B77D2F /* TAPlaceDetailCommuteTableViewCell.swift in Sources */,
				A5668BEA1ED2888000CB688D /* TACommuteSegment+CoreDataProperties.swift in Sources */,
				A57CED131ED5232D008BD6B9 /* TAModelHealthKitExtensions.swift in Sources */,
				A556EB861ED425DA003F8E2B /* TAActivitySegment+CoreDataClass.swift in Sources */,
				A556EB811ED424C0003F8E2B /* TAActivityTableViewController.swift in Sources */,
				A557150A1ED55B3E00D2C520 /* TAActivityDetailActivityTableViewCell.swift in Sources */,
				A58B0B381ED78181008345F3 /* TADataUpdateViewController.swift in Sources */,
				A52564AB1EC929D900DD843F /* TALoginViewController.swift in Sources */,
				A5AB93FB1ECA65B10055301C /* Managed Objects.xcdatamodeld in Sources */,
				A56811291ED22708002FF4D0 /* TAPlaceDetailTableViewCell.swift in Sources */,
				A52564A91EC929D900DD843F /* AppDelegate.swift in Sources */,
				A52564BC1EC93E4000DD843F /* BorderedButton.swift in Sources */,
				A556EB871ED425DA003F8E2B /* TAActivitySegment+CoreDataProperties.swift in Sources */,
				A54502F61ED3FCC5003523CB /* TAHealthKitAccessController.swift in Sources */,
				A5B3191A1ED6571700401BF8 /* TADetailLineChartViewController.swift in Sources */,
				A5FFFD8F1ECAB4A700B55020 /* TAPlaceTableViewController.swift in Sources */,
				A52542AE1ED5F15E008F209C /* TAActivityDetailPlaceTableViewCell.swift in Sources */,
				A556EB7E1ED40B1C003F8E2B /* TAProcessHealthKitDataController.swift in Sources */,
				A556EB831ED424EC003F8E2B /* TAActivityTableViewCell.swift in Sources */,
				A5866A1E1EC9649C0025D38F /* TANetConstants.swift in Sources */,
				A5AB93FD1ECA68A40055301C /* TAModel.swift in Sources */,
			);
			runOnlyForDeploymentPostprocessing = 0;
		};
/* End PBXSourcesBuildPhase section */

/* Begin PBXVariantGroup section */
		A52564AC1EC929D900DD843F /* Main.storyboard */ = {
			isa = PBXVariantGroup;
			children = (
				A52564AD1EC929D900DD843F /* Base */,
			);
			name = Main.storyboard;
			sourceTree = "<group>";
		};
		A52564B11EC929D900DD843F /* LaunchScreen.storyboard */ = {
			isa = PBXVariantGroup;
			children = (
				A52564B21EC929D900DD843F /* Base */,
			);
			name = LaunchScreen.storyboard;
			sourceTree = "<group>";
		};
/* End PBXVariantGroup section */

/* Begin XCBuildConfiguration section */
		A52564B51EC929D900DD843F /* Debug */ = {
			isa = XCBuildConfiguration;
			buildSettings = {
				ALWAYS_SEARCH_USER_PATHS = NO;
				CLANG_ANALYZER_NONNULL = YES;
				CLANG_ANALYZER_NUMBER_OBJECT_CONVERSION = YES_AGGRESSIVE;
				CLANG_CXX_LANGUAGE_STANDARD = "gnu++0x";
				CLANG_CXX_LIBRARY = "libc++";
				CLANG_ENABLE_MODULES = YES;
				CLANG_ENABLE_OBJC_ARC = YES;
				CLANG_WARN_BOOL_CONVERSION = YES;
				CLANG_WARN_CONSTANT_CONVERSION = YES;
				CLANG_WARN_DIRECT_OBJC_ISA_USAGE = YES_ERROR;
				CLANG_WARN_DOCUMENTATION_COMMENTS = YES;
				CLANG_WARN_EMPTY_BODY = YES;
				CLANG_WARN_ENUM_CONVERSION = YES;
				CLANG_WARN_INFINITE_RECURSION = YES;
				CLANG_WARN_INT_CONVERSION = YES;
				CLANG_WARN_OBJC_ROOT_CLASS = YES_ERROR;
				CLANG_WARN_SUSPICIOUS_MOVE = YES;
				CLANG_WARN_UNREACHABLE_CODE = YES;
				CLANG_WARN__DUPLICATE_METHOD_MATCH = YES;
				"CODE_SIGN_IDENTITY[sdk=iphoneos*]" = "iPhone Developer";
				COPY_PHASE_STRIP = NO;
				DEBUG_INFORMATION_FORMAT = dwarf;
				ENABLE_STRICT_OBJC_MSGSEND = YES;
				ENABLE_TESTABILITY = YES;
				GCC_C_LANGUAGE_STANDARD = gnu99;
				GCC_DYNAMIC_NO_PIC = NO;
				GCC_NO_COMMON_BLOCKS = YES;
				GCC_OPTIMIZATION_LEVEL = 0;
				GCC_PREPROCESSOR_DEFINITIONS = (
					"DEBUG=1",
					"$(inherited)",
				);
				GCC_WARN_64_TO_32_BIT_CONVERSION = YES;
				GCC_WARN_ABOUT_RETURN_TYPE = YES_ERROR;
				GCC_WARN_UNDECLARED_SELECTOR = YES;
				GCC_WARN_UNINITIALIZED_AUTOS = YES_AGGRESSIVE;
				GCC_WARN_UNUSED_FUNCTION = YES;
				GCC_WARN_UNUSED_VARIABLE = YES;
				IPHONEOS_DEPLOYMENT_TARGET = 10.3;
				MTL_ENABLE_DEBUG_INFO = YES;
				ONLY_ACTIVE_ARCH = YES;
				SDKROOT = iphoneos;
				SWIFT_ACTIVE_COMPILATION_CONDITIONS = DEBUG;
				SWIFT_OPTIMIZATION_LEVEL = "-Onone";
				TARGETED_DEVICE_FAMILY = "1,2";
			};
			name = Debug;
		};
		A52564B61EC929D900DD843F /* Release */ = {
			isa = XCBuildConfiguration;
			buildSettings = {
				ALWAYS_SEARCH_USER_PATHS = NO;
				CLANG_ANALYZER_NONNULL = YES;
				CLANG_ANALYZER_NUMBER_OBJECT_CONVERSION = YES_AGGRESSIVE;
				CLANG_CXX_LANGUAGE_STANDARD = "gnu++0x";
				CLANG_CXX_LIBRARY = "libc++";
				CLANG_ENABLE_MODULES = YES;
				CLANG_ENABLE_OBJC_ARC = YES;
				CLANG_WARN_BOOL_CONVERSION = YES;
				CLANG_WARN_CONSTANT_CONVERSION = YES;
				CLANG_WARN_DIRECT_OBJC_ISA_USAGE = YES_ERROR;
				CLANG_WARN_DOCUMENTATION_COMMENTS = YES;
				CLANG_WARN_EMPTY_BODY = YES;
				CLANG_WARN_ENUM_CONVERSION = YES;
				CLANG_WARN_INFINITE_RECURSION = YES;
				CLANG_WARN_INT_CONVERSION = YES;
				CLANG_WARN_OBJC_ROOT_CLASS = YES_ERROR;
				CLANG_WARN_SUSPICIOUS_MOVE = YES;
				CLANG_WARN_UNREACHABLE_CODE = YES;
				CLANG_WARN__DUPLICATE_METHOD_MATCH = YES;
				"CODE_SIGN_IDENTITY[sdk=iphoneos*]" = "iPhone Developer";
				COPY_PHASE_STRIP = NO;
				DEBUG_INFORMATION_FORMAT = "dwarf-with-dsym";
				ENABLE_NS_ASSERTIONS = NO;
				ENABLE_STRICT_OBJC_MSGSEND = YES;
				GCC_C_LANGUAGE_STANDARD = gnu99;
				GCC_NO_COMMON_BLOCKS = YES;
				GCC_WARN_64_TO_32_BIT_CONVERSION = YES;
				GCC_WARN_ABOUT_RETURN_TYPE = YES_ERROR;
				GCC_WARN_UNDECLARED_SELECTOR = YES;
				GCC_WARN_UNINITIALIZED_AUTOS = YES_AGGRESSIVE;
				GCC_WARN_UNUSED_FUNCTION = YES;
				GCC_WARN_UNUSED_VARIABLE = YES;
				IPHONEOS_DEPLOYMENT_TARGET = 10.3;
				MTL_ENABLE_DEBUG_INFO = NO;
				SDKROOT = iphoneos;
				SWIFT_OPTIMIZATION_LEVEL = "-Owholemodule";
				TARGETED_DEVICE_FAMILY = "1,2";
				VALIDATE_PRODUCT = YES;
			};
			name = Release;
		};
		A52564B81EC929D900DD843F /* Debug */ = {
			isa = XCBuildConfiguration;
			baseConfigurationReference = AE39A77DBBD222026EEA5263 /* Pods-Time Analytics.debug.xcconfig */;
			buildSettings = {
				ASSETCATALOG_COMPILER_APPICON_NAME = AppIcon;
				CODE_SIGN_ENTITLEMENTS = "Time Analytics/Time Analytics.entitlements";
				DEVELOPMENT_TEAM = XKM44UF8A2;
				INFOPLIST_FILE = "Time Analytics/Info.plist";
				LD_RUNPATH_SEARCH_PATHS = "$(inherited) @executable_path/Frameworks";
				PRODUCT_BUNDLE_IDENTIFIER = "com.chrisleung.Time-Analytics";
				PRODUCT_NAME = "$(TARGET_NAME)";
				SWIFT_VERSION = 3.0;
			};
			name = Debug;
		};
		A52564B91EC929D900DD843F /* Release */ = {
			isa = XCBuildConfiguration;
			baseConfigurationReference = FB0D48EE7D9020167F52D138 /* Pods-Time Analytics.release.xcconfig */;
			buildSettings = {
				ASSETCATALOG_COMPILER_APPICON_NAME = AppIcon;
				CODE_SIGN_ENTITLEMENTS = "Time Analytics/Time Analytics.entitlements";
				DEVELOPMENT_TEAM = XKM44UF8A2;
				INFOPLIST_FILE = "Time Analytics/Info.plist";
				LD_RUNPATH_SEARCH_PATHS = "$(inherited) @executable_path/Frameworks";
				PRODUCT_BUNDLE_IDENTIFIER = "com.chrisleung.Time-Analytics";
				PRODUCT_NAME = "$(TARGET_NAME)";
				SWIFT_VERSION = 3.0;
			};
			name = Release;
		};
/* End XCBuildConfiguration section */

/* Begin XCConfigurationList section */
		A52564A01EC929D900DD843F /* Build configuration list for PBXProject "Time Analytics" */ = {
			isa = XCConfigurationList;
			buildConfigurations = (
				A52564B51EC929D900DD843F /* Debug */,
				A52564B61EC929D900DD843F /* Release */,
			);
			defaultConfigurationIsVisible = 0;
			defaultConfigurationName = Release;
		};
		A52564B71EC929D900DD843F /* Build configuration list for PBXNativeTarget "Time Analytics" */ = {
			isa = XCConfigurationList;
			buildConfigurations = (
				A52564B81EC929D900DD843F /* Debug */,
				A52564B91EC929D900DD843F /* Release */,
			);
			defaultConfigurationIsVisible = 0;
			defaultConfigurationName = Release;
		};
/* End XCConfigurationList section */

/* Begin XCVersionGroup section */
		A5AB93F91ECA65B10055301C /* Managed Objects.xcdatamodeld */ = {
			isa = XCVersionGroup;
			children = (
				A5AB93FA1ECA65B10055301C /* Managed Objects.xcdatamodel */,
			);
			currentVersion = A5AB93FA1ECA65B10055301C /* Managed Objects.xcdatamodel */;
			path = "Managed Objects.xcdatamodeld";
			sourceTree = "<group>";
			versionGroupType = wrapper.xcdatamodel;
		};
/* End XCVersionGroup section */
	};
	rootObject = A525649D1EC929D900DD843F /* Project object */;
}
